Microsoft Visual Studio Solution File, Format Version 12.00
# Visual Studio Version 17
VisualStudioVersion = 17.4.33205.214
MinimumVisualStudioVersion = 10.0.40219.1
Project("{9A19103F-16F7-4668-BE54-9A1E7A4F7556}") = "ChessWpf", "ChessWpf\ChessWpf.csproj", "{B7D7EAC8-35EB-4DC7-BAAA-B1A6DD2FED12}"
	ProjectSection(ProjectDependencies) = postProject
		{B17E2B00-F443-48EB-8151-6ACE94E2B8E2} = {B17E2B00-F443-48EB-8151-6ACE94E2B8E2}
	EndProjectSection
EndProject
Project("{9A19103F-16F7-4668-BE54-9A1E7A4F7556}") = "ChessEngine", "..\ChessEngine\ChessEngine\ChessEngine.csproj", "{B17E2B00-F443-48EB-8151-6ACE94E2B8E2}"
EndProject
Global
	GlobalSection(SolutionConfigurationPlatforms) = preSolution
		Debug|Any CPU = Debug|Any CPU
		Release|Any CPU = Release|Any CPU
	EndGlobalSection
	GlobalSection(ProjectConfigurationPlatforms) = postSolution
		{B7D7EAC8-35EB-4DC7-BAAA-B1A6DD2FED12}.Debug|Any CPU.ActiveCfg = Debug|Any CPU
		{B7D7EAC8-35EB-4DC7-BAAA-B1A6DD2FED12}.Debug|Any CPU.Build.0 = Debug|Any CPU
		{B7D7EAC8-35EB-4DC7-BAAA-B1A6DD2FED12}.Release|Any CPU.ActiveCfg = Release|Any CPU
		{B7D7EAC8-35EB-4DC7-BAAA-B1A6DD2FED12}.Release|Any CPU.Build.0 = Release|Any CPU
		{B17E2B00-F443-48EB-8151-6ACE94E2B8E2}.Debug|Any CPU.ActiveCfg = Debug|Any CPU
		{B17E2B00-F443-48EB-8151-6ACE94E2B8E2}.Debug|Any CPU.Build.0 = Debug|Any CPU
		{B17E2B00-F443-48EB-8151-6ACE94E2B8E2}.Release|Any CPU.ActiveCfg = Release|Any CPU
		{B17E2B00-F443-48EB-8151-6ACE94E2B8E2}.Release|Any CPU.Build.0 = Release|Any CPU
	EndGlobalSection
	GlobalSection(SolutionProperties) = preSolution
		HideSolutionNode = FALSE
	EndGlobalSection
	GlobalSection(ExtensibilityGlobals) = postSolution
		SolutionGuid = {CB8C11E1-A5C0-4E65-B359-98CD7BF8CC3E}
	EndGlobalSection
EndGlobal
